
Microsoft Visual Studio Solution File, Format Version 10.00
# Visual C++ Express 2008
Project("{8BC9CEB8-8B4A-11D0-8D11-00A0C91BC942}") = "openspotify-simple", "openspotify-simple\openspotify-simple.vcproj", "{43B246CE-CE6D-4A20-B167-5D9D0174FD47}"
	ProjectSection(ProjectDependencies) = postProject
		{3D9572E6-ADD5-455F-9677-51470EBDB39D} = {3D9572E6-ADD5-455F-9677-51470EBDB39D}
	EndProjectSection
EndProject
Project("{8BC9CEB8-8B4A-11D0-8D11-00A0C91BC942}") = "libopenspotify", "libopenspotify\libopenspotify.vcproj", "{3D9572E6-ADD5-455F-9677-51470EBDB39D}"
EndProject
Project("{8BC9CEB8-8B4A-11D0-8D11-00A0C91BC942}") = "example-test", "examples\test\test.vcproj", "{7C7E5796-4285-427A-8A9E-E18C5BF4D652}"
	ProjectSection(ProjectDependencies) = postProject
		{3D9572E6-ADD5-455F-9677-51470EBDB39D} = {3D9572E6-ADD5-455F-9677-51470EBDB39D}
	EndProjectSection
EndProject
Project("{8BC9CEB8-8B4A-11D0-8D11-00A0C91BC942}") = "example-browse", "examples\browse\browse.vcproj", "{12933A91-5A8A-466E-8A4B-9FF7CEFDCC7A}"
	ProjectSection(ProjectDependencies) = postProject
		{3D9572E6-ADD5-455F-9677-51470EBDB39D} = {3D9572E6-ADD5-455F-9677-51470EBDB39D}
	EndProjectSection
EndProject
Project("{8BC9CEB8-8B4A-11D0-8D11-00A0C91BC942}") = "ml_openspotify", "examples\winamp\ml_openspotify\ml_openspotify.vcproj", "{425F62FF-BF45-4B11-96BF-5C54FF05A00D}"
	ProjectSection(ProjectDependencies) = postProject
		{3D9572E6-ADD5-455F-9677-51470EBDB39D} = {3D9572E6-ADD5-455F-9677-51470EBDB39D}
	EndProjectSection
EndProject
Global
	GlobalSection(SolutionConfigurationPlatforms) = preSolution
		Debug|Win32 = Debug|Win32
		Release|Win32 = Release|Win32
	EndGlobalSection
	GlobalSection(ProjectConfigurationPlatforms) = postSolution
		{43B246CE-CE6D-4A20-B167-5D9D0174FD47}.Debug|Win32.ActiveCfg = Debug|Win32
		{43B246CE-CE6D-4A20-B167-5D9D0174FD47}.Debug|Win32.Build.0 = Debug|Win32
		{43B246CE-CE6D-4A20-B167-5D9D0174FD47}.Release|Win32.ActiveCfg = Release|Win32
		{43B246CE-CE6D-4A20-B167-5D9D0174FD47}.Release|Win32.Build.0 = Release|Win32
		{3D9572E6-ADD5-455F-9677-51470EBDB39D}.Debug|Win32.ActiveCfg = Debug|Win32
		{3D9572E6-ADD5-455F-9677-51470EBDB39D}.Debug|Win32.Build.0 = Debug|Win32
		{3D9572E6-ADD5-455F-9677-51470EBDB39D}.Release|Win32.ActiveCfg = Release|Win32
		{3D9572E6-ADD5-455F-9677-51470EBDB39D}.Release|Win32.Build.0 = Release|Win32
		{7C7E5796-4285-427A-8A9E-E18C5BF4D652}.Debug|Win32.ActiveCfg = Debug|Win32
		{7C7E5796-4285-427A-8A9E-E18C5BF4D652}.Debug|Win32.Build.0 = Debug|Win32
		{7C7E5796-4285-427A-8A9E-E18C5BF4D652}.Release|Win32.ActiveCfg = Release|Win32
		{7C7E5796-4285-427A-8A9E-E18C5BF4D652}.Release|Win32.Build.0 = Release|Win32
		{12933A91-5A8A-466E-8A4B-9FF7CEFDCC7A}.Debug|Win32.ActiveCfg = Debug|Win32
		{12933A91-5A8A-466E-8A4B-9FF7CEFDCC7A}.Debug|Win32.Build.0 = Debug|Win32
		{12933A91-5A8A-466E-8A4B-9FF7CEFDCC7A}.Release|Win32.ActiveCfg = Release|Win32
		{12933A91-5A8A-466E-8A4B-9FF7CEFDCC7A}.Release|Win32.Build.0 = Release|Win32
		{425F62FF-BF45-4B11-96BF-5C54FF05A00D}.Debug|Win32.ActiveCfg = Debug|Win32
		{425F62FF-BF45-4B11-96BF-5C54FF05A00D}.Debug|Win32.Build.0 = Debug|Win32
		{425F62FF-BF45-4B11-96BF-5C54FF05A00D}.Release|Win32.ActiveCfg = Release|Win32
		{425F62FF-BF45-4B11-96BF-5C54FF05A00D}.Release|Win32.Build.0 = Release|Win32
	EndGlobalSection
	GlobalSection(SolutionProperties) = preSolution
		HideSolutionNode = FALSE
	EndGlobalSection
EndGlobal
